
Microsoft Visual Studio Solution File, Format Version 12.00
# Visual Studio 15
Project("{FAE04EC0-301F-11D3-BF4B-00C04F79EFBC}") = "test_project", "test_project\test_project.csproj", "{E737792E-492F-4914-8BE2-30B46CBA82AC}"
EndProject
Global
	GlobalSection(SolutionConfigurationPlatforms) = preSolution
		Debug|Any CPU = Debug|Any CPU
		Release|Any CPU = Release|Any CPU
	EndGlobalSection
	GlobalSection(ProjectConfigurationPlatforms) = postSolution
		{E737792E-492F-4914-8BE2-30B46CBA82AC}.Debug|Any CPU.ActiveCfg = Debug|Any CPU
		{E737792E-492F-4914-8BE2-30B46CBA82AC}.Debug|Any CPU.Build.0 = Debug|Any CPU
		{E737792E-492F-4914-8BE2-30B46CBA82AC}.Release|Any CPU.ActiveCfg = Release|Any CPU
		{E737792E-492F-4914-8BE2-30B46CBA82AC}.Release|Any CPU.Build.0 = Release|Any CPU
	EndGlobalSection
EndGlobal
